
Microsoft Visual Studio Solution File, Format Version 12.00
# Visual Studio Version 17
VisualStudioVersion = 17.6.33829.357
MinimumVisualStudioVersion = 10.0.40219.1
Project("{FAE04EC0-301F-11D3-BF4B-00C04F79EFBC}") = "DentalClinicManagementSystemApp", "DentalClinicManagementSystemApp.csproj", "{EB908555-7E60-4491-9A92-21C39634E8A2}"
EndProject
Global
	GlobalSection(SolutionConfigurationPlatforms) = preSolution
		Debug|Any CPU = Debug|Any CPU
		Release|Any CPU = Release|Any CPU
	EndGlobalSection
	GlobalSection(ProjectConfigurationPlatforms) = postSolution
		{EB908555-7E60-4491-9A92-21C39634E8A2}.Debug|Any CPU.ActiveCfg = Debug|Any CPU
		{EB908555-7E60-4491-9A92-21C39634E8A2}.Debug|Any CPU.Build.0 = Debug|Any CPU
		{EB908555-7E60-4491-9A92-21C39634E8A2}.Release|Any CPU.ActiveCfg = Release|Any CPU
		{EB908555-7E60-4491-9A92-21C39634E8A2}.Release|Any CPU.Build.0 = Release|Any CPU
	EndGlobalSection
	GlobalSection(SolutionProperties) = preSolution
		HideSolutionNode = FALSE
	EndGlobalSection
	GlobalSection(ExtensibilityGlobals) = postSolution
		SolutionGuid = {98EB2EE4-63C1-4822-BF13-832CCAE01074}
	EndGlobalSection
EndGlobal
